// !$*UTF8*$!
{
	archiveVersion = 1;
	classes = {
	};
	objectVersion = 50;
	objects = {

/* Begin PBXBuildFile section */
		719E803D232C486D0096C395 /* main.c in Sources */ = {isa = PBXBuildFile; fileRef = 719E803C232C486D0096C395 /* main.c */; };
		719E8046232C48FD0096C395 /* pythagorasLab.c in Sources */ = {isa = PBXBuildFile; fileRef = 719E8045232C48FD0096C395 /* pythagorasLab.c */; };
		719E8049232C493F0096C395 /* rectangleLab.c in Sources */ = {isa = PBXBuildFile; fileRef = 719E8048232C493F0096C395 /* rectangleLab.c */; };
		719E804C232C494E0096C395 /* timeLab.c in Sources */ = {isa = PBXBuildFile; fileRef = 719E804B232C494E0096C395 /* timeLab.c */; };
		719E804F232C49640096C395 /* temperatureLab.c in Sources */ = {isa = PBXBuildFile; fileRef = 719E804E232C49640096C395 /* temperatureLab.c */; };
/* End PBXBuildFile section */

/* Begin PBXCopyFilesBuildPhase section */
		719E8037232C486D0096C395 /* CopyFiles */ = {
			isa = PBXCopyFilesBuildPhase;
			buildActionMask = 2147483647;
			dstPath = /usr/share/man/man1/;
			dstSubfolderSpec = 0;
			files = (
			);
			runOnlyForDeploymentPostprocessing = 1;
		};
/* End PBXCopyFilesBuildPhase section */

/* Begin PBXFileReference section */
		719E8039232C486D0096C395 /* portfolio */ = {isa = PBXFileReference; explicitFileType = "compiled.mach-o.executable"; includeInIndex = 0; path = portfolio; sourceTree = BUILT_PRODUCTS_DIR; };
		719E803C232C486D0096C395 /* main.c */ = {isa = PBXFileReference; lastKnownFileType = sourcecode.c.c; path = main.c; sourceTree = "<group>"; };
		719E8044232C48FD0096C395 /* portfolio.h */ = {isa = PBXFileReference; lastKnownFileType = sourcecode.c.h; path = portfolio.h; sourceTree = "<group>"; };
		719E8045232C48FD0096C395 /* pythagorasLab.c */ = {isa = PBXFileReference; lastKnownFileType = sourcecode.c.c; path = pythagorasLab.c; sourceTree = "<group>"; };
		719E8048232C493F0096C395 /* rectangleLab.c */ = {isa = PBXFileReference; lastKnownFileType = sourcecode.c.c; path = rectangleLab.c; sourceTree = "<group>"; };
		719E804B232C494E0096C395 /* timeLab.c */ = {isa = PBXFileReference; lastKnownFileType = sourcecode.c.c; path = timeLab.c; sourceTree = "<group>"; };
		719E804E232C49640096C395 /* temperatureLab.c */ = {isa = PBXFileReference; lastKnownFileType = sourcecode.c.c; path = temperatureLab.c; sourceTree = "<group>"; };
/* End PBXFileReference section */

/* Begin PBXFrameworksBuildPhase section */
		719E8036232C486D0096C395 /* Frameworks */ = {
			isa = PBXFrameworksBuildPhase;
			buildActionMask = 2147483647;
			files = (
			);
			runOnlyForDeploymentPostprocessing = 0;
		};
/* End PBXFrameworksBuildPhase section */

/* Begin PBXGroup section */
		719E8030232C486D0096C395 = {
			isa = PBXGroup;
			children = (
				719E803B232C486D0096C395 /* portfolio */,
				719E803A232C486D0096C395 /* Products */,
			);
			sourceTree = "<group>";
		};
		719E803A232C486D0096C395 /* Products */ = {
			isa = PBXGroup;
			children = (
				719E8039232C486D0096C395 /* portfolio */,
			);
			name = Products;
			sourceTree = "<group>";
		};
		719E803B232C486D0096C395 /* portfolio */ = {
			isa = PBXGroup;
			children = (
				719E803C232C486D0096C395 /* main.c */,
				719E8044232C48FD0096C395 /* portfolio.h */,
				719E8043232C48750096C395 /* labs */,
			);
			path = portfolio;
			sourceTree = "<group>";
		};
		719E8043232C48750096C395 /* labs */ = {
			isa = PBXGroup;
			children = (
				719E8045232C48FD0096C395 /* pythagorasLab.c */,
				719E8048232C493F0096C395 /* rectangleLab.c */,
				719E804B232C494E0096C395 /* timeLab.c */,
				719E804E232C49640096C395 /* temperatureLab.c */,
			);
			path = labs;
			sourceTree = "<group>";
		};
/* End PBXGroup section */

/* Begin PBXNativeTarget section */
		719E8038232C486D0096C395 /* portfolio */ = {
			isa = PBXNativeTarget;
			buildConfigurationList = 719E8040232C486D0096C395 /* Build configuration list for PBXNativeTarget "portfolio" */;
			buildPhases = (
				719E8035232C486D0096C395 /* Sources */,
				719E8036232C486D0096C395 /* Frameworks */,
				719E8037232C486D0096C395 /* CopyFiles */,
			);
			buildRules = (
			);
			dependencies = (
			);
			name = portfolio;
			productName = portfolio;
			productReference = 719E8039232C486D0096C395 /* portfolio */;
			productType = "com.apple.product-type.tool";
		};
/* End PBXNativeTarget section */

/* Begin PBXProject section */
		719E8031232C486D0096C395 /* Project object */ = {
			isa = PBXProject;
			attributes = {
				LastUpgradeCheck = 1030;
				ORGANIZATIONNAME = "Simple IO";
				TargetAttributes = {
					719E8038232C486D0096C395 = {
						CreatedOnToolsVersion = 10.3;
					};
				};
			};
			buildConfigurationList = 719E8034232C486D0096C395 /* Build configuration list for PBXProject "portfolio" */;
			compatibilityVersion = "Xcode 9.3";
			developmentRegion = en;
			hasScannedForEncodings = 0;
			knownRegions = (
				en,
			);
			mainGroup = 719E8030232C486D0096C395;
			productRefGroup = 719E803A232C486D0096C395 /* Products */;
			projectDirPath = "";
			projectRoot = "";
			targets = (
				719E8038232C486D0096C395 /* portfolio */,
			);
		};
/* End PBXProject section */

/* Begin PBXSourcesBuildPhase section */
		719E8035232C486D0096C395 /* Sources */ = {
			isa = PBXSourcesBuildPhase;
			buildActionMask = 2147483647;
			files = (
				719E804C232C494E0096C395 /* timeLab.c in Sources */,
				719E803D232C486D0096C395 /* main.c in Sources */,
				719E8046232C48FD0096C395 /* pythagorasLab.c in Sources */,
				719E804F232C49640096C395 /* temperatureLab.c in Sources */,
				719E8049232C493F0096C395 /* rectangleLab.c in Sources */,
			);
			runOnlyForDeploymentPostprocessing = 0;
		};
/* End PBXSourcesBuildPhase section */

/* Begin XCBuildConfiguration section */
		719E803E232C486D0096C395 /* Debug */ = {
			isa = XCBuildConfiguration;
			buildSettings = {
				ALWAYS_SEARCH_USER_PATHS = NO;
				CLANG_ANALYZER_NONNULL = YES;
				CLANG_ANALYZER_NUMBER_OBJECT_CONVERSION = YES_AGGRESSIVE;
				CLANG_CXX_LANGUAGE_STANDARD = "gnu++14";
				CLANG_CXX_LIBRARY = "libc++";
				CLANG_ENABLE_MODULES = YES;
				CLANG_ENABLE_OBJC_ARC = YES;
				CLANG_ENABLE_OBJC_WEAK = YES;
				CLANG_WARN_BLOCK_CAPTURE_AUTORELEASING = YES;
				CLANG_WARN_BOOL_CONVERSION = YES;
				CLANG_WARN_COMMA = YES;
				CLANG_WARN_CONSTANT_CONVERSION = YES;
				CLANG_WARN_DEPRECATED_OBJC_IMPLEMENTATIONS = YES;
				CLANG_WARN_DIRECT_OBJC_ISA_USAGE = YES_ERROR;
				CLANG_WARN_DOCUMENTATION_COMMENTS = YES;
				CLANG_WARN_EMPTY_BODY = YES;
				CLANG_WARN_ENUM_CONVERSION = YES;
				CLANG_WARN_INFINITE_RECURSION = YES;
				CLANG_WARN_INT_CONVERSION = YES;
				CLANG_WARN_NON_LITERAL_NULL_CONVERSION = YES;
				CLANG_WARN_OBJC_IMPLICIT_RETAIN_SELF = YES;
				CLANG_WARN_OBJC_LITERAL_CONVERSION = YES;
				CLANG_WARN_OBJC_ROOT_CLASS = YES_ERROR;
				CLANG_WARN_RANGE_LOOP_ANALYSIS = YES;
				CLANG_WARN_STRICT_PROTOTYPES = YES;
				CLANG_WARN_SUSPICIOUS_MOVE = YES;
				CLANG_WARN_UNGUARDED_AVAILABILITY = YES_AGGRESSIVE;
				CLANG_WARN_UNREACHABLE_CODE = YES;
				CLANG_WARN__DUPLICATE_METHOD_MATCH = YES;
				CODE_SIGN_IDENTITY = "-";
				COPY_PHASE_STRIP = NO;
				DEBUG_INFORMATION_FORMAT = dwarf;
				ENABLE_STRICT_OBJC_MSGSEND = YES;
				ENABLE_TESTABILITY = YES;
				GCC_C_LANGUAGE_STANDARD = gnu11;
				GCC_DYNAMIC_NO_PIC = NO;
				GCC_NO_COMMON_BLOCKS = YES;
				GCC_OPTIMIZATION_LEVEL = 0;
				GCC_PREPROCESSOR_DEFINITIONS = (
					"DEBUG=1",
					"$(inherited)",
				);
				GCC_WARN_64_TO_32_BIT_CONVERSION = YES;
				GCC_WARN_ABOUT_RETURN_TYPE = YES_ERROR;
				GCC_WARN_UNDECLARED_SELECTOR = YES;
				GCC_WARN_UNINITIALIZED_AUTOS = YES_AGGRESSIVE;
				GCC_WARN_UNUSED_FUNCTION = YES;
				GCC_WARN_UNUSED_VARIABLE = YES;
				MACOSX_DEPLOYMENT_TARGET = 10.14;
				MTL_ENABLE_DEBUG_INFO = INCLUDE_SOURCE;
				MTL_FAST_MATH = YES;
				ONLY_ACTIVE_ARCH = YES;
				SDKROOT = macosx;
			};
			name = Debug;
		};
		719E803F232C486D0096C395 /* Release */ = {
			isa = XCBuildConfiguration;
			buildSettings = {
				ALWAYS_SEARCH_USER_PATHS = NO;
				CLANG_ANALYZER_NONNULL = YES;
				CLANG_ANALYZER_NUMBER_OBJECT_CONVERSION = YES_AGGRESSIVE;
				CLANG_CXX_LANGUAGE_STANDARD = "gnu++14";
				CLANG_CXX_LIBRARY = "libc++";
				CLANG_ENABLE_MODULES = YES;
				CLANG_ENABLE_OBJC_ARC = YES;
				CLANG_ENABLE_OBJC_WEAK = YES;
				CLANG_WARN_BLOCK_CAPTURE_AUTORELEASING = YES;
				CLANG_WARN_BOOL_CONVERSION = YES;
				CLANG_WARN_COMMA = YES;
				CLANG_WARN_CONSTANT_CONVERSION = YES;
				CLANG_WARN_DEPRECATED_OBJC_IMPLEMENTATIONS = YES;
				CLANG_WARN_DIRECT_OBJC_ISA_USAGE = YES_ERROR;
				CLANG_WARN_DOCUMENTATION_COMMENTS = YES;
				CLANG_WARN_EMPTY_BODY = YES;
				CLANG_WARN_ENUM_CONVERSION = YES;
				CLANG_WARN_INFINITE_RECURSION = YES;
				CLANG_WARN_INT_CONVERSION = YES;
				CLANG_WARN_NON_LITERAL_NULL_CONVERSION = YES;
				CLANG_WARN_OBJC_IMPLICIT_RETAIN_SELF = YES;
				CLANG_WARN_OBJC_LITERAL_CONVERSION = YES;
				CLANG_WARN_OBJC_ROOT_CLASS = YES_ERROR;
				CLANG_WARN_RANGE_LOOP_ANALYSIS = YES;
				CLANG_WARN_STRICT_PROTOTYPES = YES;
				CLANG_WARN_SUSPICIOUS_MOVE = YES;
				CLANG_WARN_UNGUARDED_AVAILABILITY = YES_AGGRESSIVE;
				CLANG_WARN_UNREACHABLE_CODE = YES;
				CLANG_WARN__DUPLICATE_METHOD_MATCH = YES;
				CODE_SIGN_IDENTITY = "-";
				COPY_PHASE_STRIP = NO;
				DEBUG_INFORMATION_FORMAT = "dwarf-with-dsym";
				ENABLE_NS_ASSERTIONS = NO;
				ENABLE_STRICT_OBJC_MSGSEND = YES;
				GCC_C_LANGUAGE_STANDARD = gnu11;
				GCC_NO_COMMON_BLOCKS = YES;
				GCC_WARN_64_TO_32_BIT_CONVERSION = YES;
				GCC_WARN_ABOUT_RETURN_TYPE = YES_ERROR;
				GCC_WARN_UNDECLARED_SELECTOR = YES;
				GCC_WARN_UNINITIALIZED_AUTOS = YES_AGGRESSIVE;
				GCC_WARN_UNUSED_FUNCTION = YES;
				GCC_WARN_UNUSED_VARIABLE = YES;
				MACOSX_DEPLOYMENT_TARGET = 10.14;
				MTL_ENABLE_DEBUG_INFO = NO;
				MTL_FAST_MATH = YES;
				SDKROOT = macosx;
			};
			name = Release;
		};
		719E8041232C486D0096C395 /* Debug */ = {
			isa = XCBuildConfiguration;
			buildSettings = {
				CODE_SIGN_STYLE = Automatic;
				PRODUCT_NAME = "$(TARGET_NAME)";
			};
			name = Debug;
		};
		719E8042232C486D0096C395 /* Release */ = {
			isa = XCBuildConfiguration;
			buildSettings = {
				CODE_SIGN_STYLE = Automatic;
				PRODUCT_NAME = "$(TARGET_NAME)";
			};
			name = Release;
		};
/* End XCBuildConfiguration section */

/* Begin XCConfigurationList section */
		719E8034232C486D0096C395 /* Build configuration list for PBXProject "portfolio" */ = {
			isa = XCConfigurationList;
			buildConfigurations = (
				719E803E232C486D0096C395 /* Debug */,
				719E803F232C486D0096C395 /* Release */,
			);
			defaultConfigurationIsVisible = 0;
			defaultConfigurationName = Release;
		};
		719E8040232C486D0096C395 /* Build configuration list for PBXNativeTarget "portfolio" */ = {
			isa = XCConfigurationList;
			buildConfigurations = (
				719E8041232C486D0096C395 /* Debug */,
				719E8042232C486D0096C395 /* Release */,
			);
			defaultConfigurationIsVisible = 0;
			defaultConfigurationName = Release;
		};
/* End XCConfigurationList section */
	};
	rootObject = 719E8031232C486D0096C395 /* Project object */;
}
